{
  "name": "task1",
  "lockfileVersion": 3,
  "requires": true,
  "packages": {
    "": {
      "dependencies": {
        "create": "^0.5.5",
        "create-next-app": "^15.3.5"
      }
    },
    "node_modules/chalk": {
      "version": "5.4.1",
      "resolved": "https://registry.npmjs.org/chalk/-/chalk-5.4.1.tgz",
      "integrity": "sha512-zgVZuo2WcZgfUEmsn6eO3kINexW8RAE4maiQ8QNs8CtpPCSyMiYsULR3HQYkm3w8FIA3SberyMJMSldGsW+U3w==",
      "license": "MIT",
      "engines": {
        "node": "^12.17.0 || ^14.13 || >=16.0.0"
      },
      "funding": {
        "url": "https://github.com/chalk/chalk?sponsor=1"
      }
    },
    "node_modules/create": {
      "version": "0.5.5",
      "resolved": "https://registry.npmjs.org/create/-/create-0.5.5.tgz",
      "integrity": "sha512-lF0regD81sPGeAUwDZbn8Z45RD4J7bBny7WrvYwxUeLMtG5ZUAMm6Ctx3l4osoFl+XBXQ4N755TGYbjR3iHefQ==",
      "license": "MIT",
      "dependencies": {
        "chalk": "^5.4.1"
      },
      "bin": {
        "create": "bin/index.js"
      },
      "engines": {
        "node": ">=18"
      }
    },
    "node_modules/create-next-app": {
      "version": "15.3.5",
      "resolved": "https://registry.npmjs.org/create-next-app/-/create-next-app-15.3.5.tgz",
      "integrity": "sha512-+U/fipyaWuCDv/YVmI4KDwCXA/e6C+RdsZhUyEhbtZwvjXUUftE2UgPHutQz1iyAVU2rZT/5Eiivf28uKz1VSQ==",
      "license": "MIT",
      "bin": {
        "create-next-app": "dist/index.js"
      },
      "engines": {
        "node": ">=18.18.0"
      }
    }
  }
}
